<Solution>
  <Folder Name="/Solution Items/">
    <File Path=".editorconfig" />
    <File Path=".gitignore" />
    <File Path=".runsettings" />
    <File Path="BENCHMARK.md" />
    <File Path="CODEOWNERS" />
    <File Path="create-orphan-branch.sh" />
    <File Path="Directory.Build.props" />
    <File Path="Directory.Packages.props" />
    <File Path="LICENSE" />
    <File Path="nuget.config" />
    <File Path="README.md" />
  </Folder>
  <Folder Name="/Solution Items/.github/">
    <File Path=".github/copilot-instructions.md" />
    <File Path=".github/dependabot.yaml" />
  </Folder>
  <Folder Name="/Solution Items/.github/workflows/">
    <File Path=".github/workflows/ci.yml" />
    <File Path=".github/workflows/dependabot-automerge.yml" />
    <File Path=".github/workflows/release.yml" />
  </Folder>
  <Folder Name="/src/" />
  <Folder Name="/src/Kiyote/" />
  <Folder Name="/src/Kiyote/Simulations/">
    <Project Path="src/Kiyote/Simulations/Kiyote.Simulations/Kiyote.Simulations.csproj" />
  </Folder>
  <Folder Name="/test/" />
  <Folder Name="/test/Kiyote/" />
  <Folder Name="/test/Kiyote/Simulations/">
    <Project Path="test/Kiyote/Simulations/Kiyote.Simulations.Benchmarks/Kiyote.Simulations.Benchmarks.csproj" Id="64b12235-56cb-41f5-bba1-e1287c544303" />
    <Project Path="test/Kiyote/Simulations/Kiyote.Simulations.IntegrationTests/Kiyote.Simulations.IntegrationTests.csproj" Id="1970bad0-7439-4d11-af97-0232fba513b5" />
    <Project Path="test/Kiyote/Simulations/Kiyote.Simulations.UnitTests/Kiyote.Simulations.UnitTests.csproj" Id="b81da4c5-0469-4eed-a082-5b9a2c03dcd8" />
    <Project Path="test/Kiyote/Simulations/Kiyote.Simulations.Visualizer/Kiyote.Simulations.Visualizer.csproj" Id="93554633-2fbe-47f7-a531-b5e6710aadad" />
  </Folder>
</Solution>
